
Microsoft Visual Studio Solution File, Format Version 12.00
# Visual Studio Version 16
VisualStudioVersion = 16.0.31624.102
MinimumVisualStudioVersion = 10.0.40219.1
Project("{9A19103F-16F7-4668-BE54-9A1E7A4F7556}") = "WalkAndTravel", "WalkAndTravel\WalkAndTravel.csproj", "{F5493815-C274-4708-8458-695E7652CAC7}"
EndProject
Project("{00D1A9C2-B5F0-4AF3-8072-F6C62B433612}") = "WAT_DataBase", "WAT_DataBase\WAT_DataBase\WAT_DataBase.sqlproj", "{AAED91D3-6CED-4FCE-943D-5FDE4CF641A5}"
EndProject
Project("{FAE04EC0-301F-11D3-BF4B-00C04F79EFBC}") = "WalkAndTravelTests", "WalkAndTravelTests\WalkAndTravelTests.csproj", "{FAFB9351-12EC-44D3-9834-D162D822575B}"
EndProject
Global
	GlobalSection(SolutionConfigurationPlatforms) = preSolution
		Debug|Any CPU = Debug|Any CPU
		Release|Any CPU = Release|Any CPU
	EndGlobalSection
	GlobalSection(ProjectConfigurationPlatforms) = postSolution
		{F5493815-C274-4708-8458-695E7652CAC7}.Debug|Any CPU.ActiveCfg = Debug|Any CPU
		{F5493815-C274-4708-8458-695E7652CAC7}.Debug|Any CPU.Build.0 = Debug|Any CPU
		{F5493815-C274-4708-8458-695E7652CAC7}.Release|Any CPU.ActiveCfg = Release|Any CPU
		{F5493815-C274-4708-8458-695E7652CAC7}.Release|Any CPU.Build.0 = Release|Any CPU
		{AAED91D3-6CED-4FCE-943D-5FDE4CF641A5}.Debug|Any CPU.ActiveCfg = Debug|Any CPU
		{AAED91D3-6CED-4FCE-943D-5FDE4CF641A5}.Debug|Any CPU.Build.0 = Debug|Any CPU
		{AAED91D3-6CED-4FCE-943D-5FDE4CF641A5}.Debug|Any CPU.Deploy.0 = Debug|Any CPU
		{AAED91D3-6CED-4FCE-943D-5FDE4CF641A5}.Release|Any CPU.ActiveCfg = Release|Any CPU
		{AAED91D3-6CED-4FCE-943D-5FDE4CF641A5}.Release|Any CPU.Build.0 = Release|Any CPU
		{AAED91D3-6CED-4FCE-943D-5FDE4CF641A5}.Release|Any CPU.Deploy.0 = Release|Any CPU
		{FAFB9351-12EC-44D3-9834-D162D822575B}.Debug|Any CPU.ActiveCfg = Debug|Any CPU
		{FAFB9351-12EC-44D3-9834-D162D822575B}.Debug|Any CPU.Build.0 = Debug|Any CPU
		{FAFB9351-12EC-44D3-9834-D162D822575B}.Release|Any CPU.ActiveCfg = Release|Any CPU
		{FAFB9351-12EC-44D3-9834-D162D822575B}.Release|Any CPU.Build.0 = Release|Any CPU
	EndGlobalSection
	GlobalSection(SolutionProperties) = preSolution
		HideSolutionNode = FALSE
	EndGlobalSection
	GlobalSection(ExtensibilityGlobals) = postSolution
		SolutionGuid = {702BC179-DFF5-4DAA-A1EC-89B10299F810}
	EndGlobalSection
EndGlobal
