
Microsoft Visual Studio Solution File, Format Version 12.00
# Visual Studio Version 16
VisualStudioVersion = 16.0.31729.503
MinimumVisualStudioVersion = 10.0.40219.1
Project("{00D1A9C2-B5F0-4AF3-8072-F6C62B433612}") = "WAT_DataBase", "WAT_DataBase\WAT_DataBase.sqlproj", "{AAED91D3-6CED-4FCE-943D-5FDE4CF641A5}"
EndProject
Global
	GlobalSection(SolutionConfigurationPlatforms) = preSolution
		Debug|Any CPU = Debug|Any CPU
		Release|Any CPU = Release|Any CPU
	EndGlobalSection
	GlobalSection(ProjectConfigurationPlatforms) = postSolution
		{AAED91D3-6CED-4FCE-943D-5FDE4CF641A5}.Debug|Any CPU.ActiveCfg = Debug|Any CPU
		{AAED91D3-6CED-4FCE-943D-5FDE4CF641A5}.Debug|Any CPU.Build.0 = Debug|Any CPU
		{AAED91D3-6CED-4FCE-943D-5FDE4CF641A5}.Debug|Any CPU.Deploy.0 = Debug|Any CPU
		{AAED91D3-6CED-4FCE-943D-5FDE4CF641A5}.Release|Any CPU.ActiveCfg = Release|Any CPU
		{AAED91D3-6CED-4FCE-943D-5FDE4CF641A5}.Release|Any CPU.Build.0 = Release|Any CPU
		{AAED91D3-6CED-4FCE-943D-5FDE4CF641A5}.Release|Any CPU.Deploy.0 = Release|Any CPU
	EndGlobalSection
	GlobalSection(SolutionProperties) = preSolution
		HideSolutionNode = FALSE
	EndGlobalSection
	GlobalSection(ExtensibilityGlobals) = postSolution
		SolutionGuid = {6E00B396-0EB3-446C-945A-900CF15733D7}
	EndGlobalSection
EndGlobal
